// !$*UTF8*$!
{
	archiveVersion = 1;
	classes = {
	};
	objectVersion = 50;
	objects = {

/* Begin PBXBuildFile section */
		0429B517266921C20062CC82 /* AppDelegate.swift in Sources */ = {isa = PBXBuildFile; fileRef = 0429B516266921C20062CC82 /* AppDelegate.swift */; };
		0429B519266921C20062CC82 /* SceneDelegate.swift in Sources */ = {isa = PBXBuildFile; fileRef = 0429B518266921C20062CC82 /* SceneDelegate.swift */; };
		0429B520266921C30062CC82 /* Assets.xcassets in Resources */ = {isa = PBXBuildFile; fileRef = 0429B51F266921C30062CC82 /* Assets.xcassets */; };
		0429B523266921C30062CC82 /* LaunchScreen.storyboard in Resources */ = {isa = PBXBuildFile; fileRef = 0429B521266921C30062CC82 /* LaunchScreen.storyboard */; };
		0429B52E266921C40062CC82 /* EngineeringChallengeTests.swift in Sources */ = {isa = PBXBuildFile; fileRef = 0429B52D266921C40062CC82 /* EngineeringChallengeTests.swift */; };
		0429B539266921C40062CC82 /* EngineeringChallengeUITests.swift in Sources */ = {isa = PBXBuildFile; fileRef = 0429B538266921C40062CC82 /* EngineeringChallengeUITests.swift */; };
		0429B54B266923290062CC82 /* CaseStudyResponse.swift in Sources */ = {isa = PBXBuildFile; fileRef = 0429B54A266923290062CC82 /* CaseStudyResponse.swift */; };
		0429B562266923EB0062CC82 /* ControllerExtension.swift in Sources */ = {isa = PBXBuildFile; fileRef = 0429B553266923EB0062CC82 /* ControllerExtension.swift */; };
		0429B563266923EB0062CC82 /* UIImageViewExtension.swift in Sources */ = {isa = PBXBuildFile; fileRef = 0429B554266923EB0062CC82 /* UIImageViewExtension.swift */; };
		0429B564266923EB0062CC82 /* JsonDecodable.swift in Sources */ = {isa = PBXBuildFile; fileRef = 0429B555266923EB0062CC82 /* JsonDecodable.swift */; };
		0429B565266923EB0062CC82 /* Storyboarded.swift in Sources */ = {isa = PBXBuildFile; fileRef = 0429B556266923EB0062CC82 /* Storyboarded.swift */; };
		0429B566266923EB0062CC82 /* NetworkClient.swift in Sources */ = {isa = PBXBuildFile; fileRef = 0429B558266923EB0062CC82 /* NetworkClient.swift */; };
		0429B567266923EB0062CC82 /* EndPoints.swift in Sources */ = {isa = PBXBuildFile; fileRef = 0429B559266923EB0062CC82 /* EndPoints.swift */; };
		0429B568266923EB0062CC82 /* Service.swift in Sources */ = {isa = PBXBuildFile; fileRef = 0429B55A266923EB0062CC82 /* Service.swift */; };
		0429B569266923EB0062CC82 /* ImageCache.swift in Sources */ = {isa = PBXBuildFile; fileRef = 0429B55C266923EB0062CC82 /* ImageCache.swift */; };
		0429B56A266923EB0062CC82 /* Item.swift in Sources */ = {isa = PBXBuildFile; fileRef = 0429B55D266923EB0062CC82 /* Item.swift */; };
		0429B56B266923EB0062CC82 /* ImageURLProtocol.swift in Sources */ = {isa = PBXBuildFile; fileRef = 0429B55E266923EB0062CC82 /* ImageURLProtocol.swift */; };
		0429B56C266923EB0062CC82 /* Constants.swift in Sources */ = {isa = PBXBuildFile; fileRef = 0429B560266923EB0062CC82 /* Constants.swift */; };
		0429B56D266923EB0062CC82 /* NetworkError.swift in Sources */ = {isa = PBXBuildFile; fileRef = 0429B561266923EB0062CC82 /* NetworkError.swift */; };
		0429B580266925A30062CC82 /* CaseStudyDetailsTableViewCell.swift in Sources */ = {isa = PBXBuildFile; fileRef = 0429B573266925A30062CC82 /* CaseStudyDetailsTableViewCell.swift */; };
		0429B581266925A30062CC82 /* CaseStudyTableViewCell.swift in Sources */ = {isa = PBXBuildFile; fileRef = 0429B574266925A30062CC82 /* CaseStudyTableViewCell.swift */; };
		0429B582266925A30062CC82 /* LaunchScreen.storyboard in Resources */ = {isa = PBXBuildFile; fileRef = 0429B576266925A30062CC82 /* LaunchScreen.storyboard */; };
		0429B583266925A30062CC82 /* Main.storyboard in Resources */ = {isa = PBXBuildFile; fileRef = 0429B578266925A30062CC82 /* Main.storyboard */; };
		0429B584266925A30062CC82 /* CaseStudyViewController.swift in Sources */ = {isa = PBXBuildFile; fileRef = 0429B57B266925A30062CC82 /* CaseStudyViewController.swift */; };
		0429B585266925A30062CC82 /* CaseStudyDetailsViewController.swift in Sources */ = {isa = PBXBuildFile; fileRef = 0429B57C266925A30062CC82 /* CaseStudyDetailsViewController.swift */; };
		0429B586266925A30062CC82 /* CaseStudyDetailsViewModel.swift in Sources */ = {isa = PBXBuildFile; fileRef = 0429B57E266925A30062CC82 /* CaseStudyDetailsViewModel.swift */; };
		0429B587266925A30062CC82 /* CaseStudyViewModel.swift in Sources */ = {isa = PBXBuildFile; fileRef = 0429B57F266925A30062CC82 /* CaseStudyViewModel.swift */; };
/* End PBXBuildFile section */

/* Begin PBXContainerItemProxy section */
		0429B52A266921C30062CC82 /* PBXContainerItemProxy */ = {
			isa = PBXContainerItemProxy;
			containerPortal = 0429B50B266921C10062CC82 /* Project object */;
			proxyType = 1;
			remoteGlobalIDString = 0429B512266921C20062CC82;
			remoteInfo = EngineeringChallenge;
		};
		0429B535266921C40062CC82 /* PBXContainerItemProxy */ = {
			isa = PBXContainerItemProxy;
			containerPortal = 0429B50B266921C10062CC82 /* Project object */;
			proxyType = 1;
			remoteGlobalIDString = 0429B512266921C20062CC82;
			remoteInfo = EngineeringChallenge;
		};
/* End PBXContainerItemProxy section */

/* Begin PBXFileReference section */
		0429B513266921C20062CC82 /* EngineeringChallenge.app */ = {isa = PBXFileReference; explicitFileType = wrapper.application; includeInIndex = 0; path = EngineeringChallenge.app; sourceTree = BUILT_PRODUCTS_DIR; };
		0429B516266921C20062CC82 /* AppDelegate.swift */ = {isa = PBXFileReference; lastKnownFileType = sourcecode.swift; path = AppDelegate.swift; sourceTree = "<group>"; };
		0429B518266921C20062CC82 /* SceneDelegate.swift */ = {isa = PBXFileReference; lastKnownFileType = sourcecode.swift; path = SceneDelegate.swift; sourceTree = "<group>"; };
		0429B51F266921C30062CC82 /* Assets.xcassets */ = {isa = PBXFileReference; lastKnownFileType = folder.assetcatalog; path = Assets.xcassets; sourceTree = "<group>"; };
		0429B522266921C30062CC82 /* Base */ = {isa = PBXFileReference; lastKnownFileType = file.storyboard; name = Base; path = Base.lproj/LaunchScreen.storyboard; sourceTree = "<group>"; };
		0429B524266921C30062CC82 /* Info.plist */ = {isa = PBXFileReference; lastKnownFileType = text.plist.xml; path = Info.plist; sourceTree = "<group>"; };
		0429B529266921C30062CC82 /* EngineeringChallengeTests.xctest */ = {isa = PBXFileReference; explicitFileType = wrapper.cfbundle; includeInIndex = 0; path = EngineeringChallengeTests.xctest; sourceTree = BUILT_PRODUCTS_DIR; };
		0429B52D266921C40062CC82 /* EngineeringChallengeTests.swift */ = {isa = PBXFileReference; lastKnownFileType = sourcecode.swift; path = EngineeringChallengeTests.swift; sourceTree = "<group>"; };
		0429B52F266921C40062CC82 /* Info.plist */ = {isa = PBXFileReference; lastKnownFileType = text.plist.xml; path = Info.plist; sourceTree = "<group>"; };
		0429B534266921C40062CC82 /* EngineeringChallengeUITests.xctest */ = {isa = PBXFileReference; explicitFileType = wrapper.cfbundle; includeInIndex = 0; path = EngineeringChallengeUITests.xctest; sourceTree = BUILT_PRODUCTS_DIR; };
		0429B538266921C40062CC82 /* EngineeringChallengeUITests.swift */ = {isa = PBXFileReference; lastKnownFileType = sourcecode.swift; path = EngineeringChallengeUITests.swift; sourceTree = "<group>"; };
		0429B53A266921C40062CC82 /* Info.plist */ = {isa = PBXFileReference; lastKnownFileType = text.plist.xml; path = Info.plist; sourceTree = "<group>"; };
		0429B54A266923290062CC82 /* CaseStudyResponse.swift */ = {isa = PBXFileReference; fileEncoding = 4; lastKnownFileType = sourcecode.swift; path = CaseStudyResponse.swift; sourceTree = "<group>"; };
		0429B553266923EB0062CC82 /* ControllerExtension.swift */ = {isa = PBXFileReference; fileEncoding = 4; lastKnownFileType = sourcecode.swift; path = ControllerExtension.swift; sourceTree = "<group>"; };
		0429B554266923EB0062CC82 /* UIImageViewExtension.swift */ = {isa = PBXFileReference; fileEncoding = 4; lastKnownFileType = sourcecode.swift; path = UIImageViewExtension.swift; sourceTree = "<group>"; };
		0429B555266923EB0062CC82 /* JsonDecodable.swift */ = {isa = PBXFileReference; fileEncoding = 4; lastKnownFileType = sourcecode.swift; path = JsonDecodable.swift; sourceTree = "<group>"; };
		0429B556266923EB0062CC82 /* Storyboarded.swift */ = {isa = PBXFileReference; fileEncoding = 4; lastKnownFileType = sourcecode.swift; path = Storyboarded.swift; sourceTree = "<group>"; };
		0429B558266923EB0062CC82 /* NetworkClient.swift */ = {isa = PBXFileReference; fileEncoding = 4; lastKnownFileType = sourcecode.swift; path = NetworkClient.swift; sourceTree = "<group>"; };
		0429B559266923EB0062CC82 /* EndPoints.swift */ = {isa = PBXFileReference; fileEncoding = 4; lastKnownFileType = sourcecode.swift; path = EndPoints.swift; sourceTree = "<group>"; };
		0429B55A266923EB0062CC82 /* Service.swift */ = {isa = PBXFileReference; fileEncoding = 4; lastKnownFileType = sourcecode.swift; path = Service.swift; sourceTree = "<group>"; };
		0429B55C266923EB0062CC82 /* ImageCache.swift */ = {isa = PBXFileReference; fileEncoding = 4; lastKnownFileType = sourcecode.swift; path = ImageCache.swift; sourceTree = "<group>"; };
		0429B55D266923EB0062CC82 /* Item.swift */ = {isa = PBXFileReference; fileEncoding = 4; lastKnownFileType = sourcecode.swift; path = Item.swift; sourceTree = "<group>"; };
		0429B55E266923EB0062CC82 /* ImageURLProtocol.swift */ = {isa = PBXFileReference; fileEncoding = 4; lastKnownFileType = sourcecode.swift; path = ImageURLProtocol.swift; sourceTree = "<group>"; };
		0429B560266923EB0062CC82 /* Constants.swift */ = {isa = PBXFileReference; fileEncoding = 4; lastKnownFileType = sourcecode.swift; path = Constants.swift; sourceTree = "<group>"; };
		0429B561266923EB0062CC82 /* NetworkError.swift */ = {isa = PBXFileReference; fileEncoding = 4; lastKnownFileType = sourcecode.swift; path = NetworkError.swift; sourceTree = "<group>"; };
		0429B573266925A30062CC82 /* CaseStudyDetailsTableViewCell.swift */ = {isa = PBXFileReference; fileEncoding = 4; lastKnownFileType = sourcecode.swift; path = CaseStudyDetailsTableViewCell.swift; sourceTree = "<group>"; };
		0429B574266925A30062CC82 /* CaseStudyTableViewCell.swift */ = {isa = PBXFileReference; fileEncoding = 4; lastKnownFileType = sourcecode.swift; path = CaseStudyTableViewCell.swift; sourceTree = "<group>"; };
		0429B577266925A30062CC82 /* Base */ = {isa = PBXFileReference; lastKnownFileType = file.storyboard; name = Base; path = Base.lproj/LaunchScreen.storyboard; sourceTree = "<group>"; };
		0429B579266925A30062CC82 /* Base */ = {isa = PBXFileReference; lastKnownFileType = file.storyboard; name = Base; path = Base.lproj/Main.storyboard; sourceTree = "<group>"; };
		0429B57B266925A30062CC82 /* CaseStudyViewController.swift */ = {isa = PBXFileReference; fileEncoding = 4; lastKnownFileType = sourcecode.swift; path = CaseStudyViewController.swift; sourceTree = "<group>"; };
		0429B57C266925A30062CC82 /* CaseStudyDetailsViewController.swift */ = {isa = PBXFileReference; fileEncoding = 4; lastKnownFileType = sourcecode.swift; path = CaseStudyDetailsViewController.swift; sourceTree = "<group>"; };
		0429B57E266925A30062CC82 /* CaseStudyDetailsViewModel.swift */ = {isa = PBXFileReference; fileEncoding = 4; lastKnownFileType = sourcecode.swift; path = CaseStudyDetailsViewModel.swift; sourceTree = "<group>"; };
		0429B57F266925A30062CC82 /* CaseStudyViewModel.swift */ = {isa = PBXFileReference; fileEncoding = 4; lastKnownFileType = sourcecode.swift; path = CaseStudyViewModel.swift; sourceTree = "<group>"; };
/* End PBXFileReference section */

/* Begin PBXFrameworksBuildPhase section */
		0429B510266921C20062CC82 /* Frameworks */ = {
			isa = PBXFrameworksBuildPhase;
			buildActionMask = 2147483647;
			files = (
			);
			runOnlyForDeploymentPostprocessing = 0;
		};
		0429B526266921C30062CC82 /* Frameworks */ = {
			isa = PBXFrameworksBuildPhase;
			buildActionMask = 2147483647;
			files = (
			);
			runOnlyForDeploymentPostprocessing = 0;
		};
		0429B531266921C40062CC82 /* Frameworks */ = {
			isa = PBXFrameworksBuildPhase;
			buildActionMask = 2147483647;
			files = (
			);
			runOnlyForDeploymentPostprocessing = 0;
		};
/* End PBXFrameworksBuildPhase section */

/* Begin PBXGroup section */
		0429B50A266921C10062CC82 = {
			isa = PBXGroup;
			children = (
				0429B515266921C20062CC82 /* EngineeringChallenge */,
				0429B52C266921C30062CC82 /* EngineeringChallengeTests */,
				0429B537266921C40062CC82 /* EngineeringChallengeUITests */,
				0429B514266921C20062CC82 /* Products */,
			);
			sourceTree = "<group>";
		};
		0429B514266921C20062CC82 /* Products */ = {
			isa = PBXGroup;
			children = (
				0429B513266921C20062CC82 /* EngineeringChallenge.app */,
				0429B529266921C30062CC82 /* EngineeringChallengeTests.xctest */,
				0429B534266921C40062CC82 /* EngineeringChallengeUITests.xctest */,
			);
			name = Products;
			sourceTree = "<group>";
		};
		0429B515266921C20062CC82 /* EngineeringChallenge */ = {
			isa = PBXGroup;
			children = (
				0429B571266925A30062CC82 /* View */,
				0429B57D266925A30062CC82 /* ViewModel */,
				0429B552266923EB0062CC82 /* Extensions */,
				0429B557266923EB0062CC82 /* Service */,
				0429B55F266923EB0062CC82 /* Utility */,
				0429B549266923290062CC82 /* Model */,
				0429B516266921C20062CC82 /* AppDelegate.swift */,
				0429B518266921C20062CC82 /* SceneDelegate.swift */,
				0429B51F266921C30062CC82 /* Assets.xcassets */,
				0429B521266921C30062CC82 /* LaunchScreen.storyboard */,
				0429B524266921C30062CC82 /* Info.plist */,
			);
			path = EngineeringChallenge;
			sourceTree = "<group>";
		};
		0429B52C266921C30062CC82 /* EngineeringChallengeTests */ = {
			isa = PBXGroup;
			children = (
				0429B52D266921C40062CC82 /* EngineeringChallengeTests.swift */,
				0429B52F266921C40062CC82 /* Info.plist */,
			);
			path = EngineeringChallengeTests;
			sourceTree = "<group>";
		};
		0429B537266921C40062CC82 /* EngineeringChallengeUITests */ = {
			isa = PBXGroup;
			children = (
				0429B538266921C40062CC82 /* EngineeringChallengeUITests.swift */,
				0429B53A266921C40062CC82 /* Info.plist */,
			);
			path = EngineeringChallengeUITests;
			sourceTree = "<group>";
		};
		0429B549266923290062CC82 /* Model */ = {
			isa = PBXGroup;
			children = (
				0429B54A266923290062CC82 /* CaseStudyResponse.swift */,
			);
			path = Model;
			sourceTree = "<group>";
		};
		0429B552266923EB0062CC82 /* Extensions */ = {
			isa = PBXGroup;
			children = (
				0429B553266923EB0062CC82 /* ControllerExtension.swift */,
				0429B554266923EB0062CC82 /* UIImageViewExtension.swift */,
				0429B555266923EB0062CC82 /* JsonDecodable.swift */,
				0429B556266923EB0062CC82 /* Storyboarded.swift */,
			);
			path = Extensions;
			sourceTree = "<group>";
		};
		0429B557266923EB0062CC82 /* Service */ = {
			isa = PBXGroup;
			children = (
				0429B558266923EB0062CC82 /* NetworkClient.swift */,
				0429B559266923EB0062CC82 /* EndPoints.swift */,
				0429B55A266923EB0062CC82 /* Service.swift */,
				0429B55B266923EB0062CC82 /* ImageDownloderAndCacher */,
			);
			path = Service;
			sourceTree = "<group>";
		};
		0429B55B266923EB0062CC82 /* ImageDownloderAndCacher */ = {
			isa = PBXGroup;
			children = (
				0429B55C266923EB0062CC82 /* ImageCache.swift */,
				0429B55D266923EB0062CC82 /* Item.swift */,
				0429B55E266923EB0062CC82 /* ImageURLProtocol.swift */,
			);
			path = ImageDownloderAndCacher;
			sourceTree = "<group>";
		};
		0429B55F266923EB0062CC82 /* Utility */ = {
			isa = PBXGroup;
			children = (
				0429B560266923EB0062CC82 /* Constants.swift */,
				0429B561266923EB0062CC82 /* NetworkError.swift */,
			);
			path = Utility;
			sourceTree = "<group>";
		};
		0429B571266925A30062CC82 /* View */ = {
			isa = PBXGroup;
			children = (
				0429B572266925A30062CC82 /* Cells */,
				0429B575266925A30062CC82 /* StoryBoard */,
				0429B57A266925A30062CC82 /* Controllers */,
			);
			path = View;
			sourceTree = "<group>";
		};
		0429B572266925A30062CC82 /* Cells */ = {
			isa = PBXGroup;
			children = (
				0429B573266925A30062CC82 /* CaseStudyDetailsTableViewCell.swift */,
				0429B574266925A30062CC82 /* CaseStudyTableViewCell.swift */,
			);
			path = Cells;
			sourceTree = "<group>";
		};
		0429B575266925A30062CC82 /* StoryBoard */ = {
			isa = PBXGroup;
			children = (
				0429B576266925A30062CC82 /* LaunchScreen.storyboard */,
				0429B578266925A30062CC82 /* Main.storyboard */,
			);
			path = StoryBoard;
			sourceTree = "<group>";
		};
		0429B57A266925A30062CC82 /* Controllers */ = {
			isa = PBXGroup;
			children = (
				0429B57B266925A30062CC82 /* CaseStudyViewController.swift */,
				0429B57C266925A30062CC82 /* CaseStudyDetailsViewController.swift */,
			);
			path = Controllers;
			sourceTree = "<group>";
		};
		0429B57D266925A30062CC82 /* ViewModel */ = {
			isa = PBXGroup;
			children = (
				0429B57E266925A30062CC82 /* CaseStudyDetailsViewModel.swift */,
				0429B57F266925A30062CC82 /* CaseStudyViewModel.swift */,
			);
			path = ViewModel;
			sourceTree = "<group>";
		};
/* End PBXGroup section */

/* Begin PBXNativeTarget section */
		0429B512266921C20062CC82 /* EngineeringChallenge */ = {
			isa = PBXNativeTarget;
			buildConfigurationList = 0429B53D266921C40062CC82 /* Build configuration list for PBXNativeTarget "EngineeringChallenge" */;
			buildPhases = (
				0429B50F266921C20062CC82 /* Sources */,
				0429B510266921C20062CC82 /* Frameworks */,
				0429B511266921C20062CC82 /* Resources */,
			);
			buildRules = (
			);
			dependencies = (
			);
			name = EngineeringChallenge;
			productName = EngineeringChallenge;
			productReference = 0429B513266921C20062CC82 /* EngineeringChallenge.app */;
			productType = "com.apple.product-type.application";
		};
		0429B528266921C30062CC82 /* EngineeringChallengeTests */ = {
			isa = PBXNativeTarget;
			buildConfigurationList = 0429B540266921C40062CC82 /* Build configuration list for PBXNativeTarget "EngineeringChallengeTests" */;
			buildPhases = (
				0429B525266921C30062CC82 /* Sources */,
				0429B526266921C30062CC82 /* Frameworks */,
				0429B527266921C30062CC82 /* Resources */,
			);
			buildRules = (
			);
			dependencies = (
				0429B52B266921C30062CC82 /* PBXTargetDependency */,
			);
			name = EngineeringChallengeTests;
			productName = EngineeringChallengeTests;
			productReference = 0429B529266921C30062CC82 /* EngineeringChallengeTests.xctest */;
			productType = "com.apple.product-type.bundle.unit-test";
		};
		0429B533266921C40062CC82 /* EngineeringChallengeUITests */ = {
			isa = PBXNativeTarget;
			buildConfigurationList = 0429B543266921C40062CC82 /* Build configuration list for PBXNativeTarget "EngineeringChallengeUITests" */;
			buildPhases = (
				0429B530266921C40062CC82 /* Sources */,
				0429B531266921C40062CC82 /* Frameworks */,
				0429B532266921C40062CC82 /* Resources */,
			);
			buildRules = (
			);
			dependencies = (
				0429B536266921C40062CC82 /* PBXTargetDependency */,
			);
			name = EngineeringChallengeUITests;
			productName = EngineeringChallengeUITests;
			productReference = 0429B534266921C40062CC82 /* EngineeringChallengeUITests.xctest */;
			productType = "com.apple.product-type.bundle.ui-testing";
		};
/* End PBXNativeTarget section */

/* Begin PBXProject section */
		0429B50B266921C10062CC82 /* Project object */ = {
			isa = PBXProject;
			attributes = {
				LastSwiftUpdateCheck = 1220;
				LastUpgradeCheck = 1220;
				TargetAttributes = {
					0429B512266921C20062CC82 = {
						CreatedOnToolsVersion = 12.2;
					};
					0429B528266921C30062CC82 = {
						CreatedOnToolsVersion = 12.2;
						TestTargetID = 0429B512266921C20062CC82;
					};
					0429B533266921C40062CC82 = {
						CreatedOnToolsVersion = 12.2;
						TestTargetID = 0429B512266921C20062CC82;
					};
				};
			};
			buildConfigurationList = 0429B50E266921C10062CC82 /* Build configuration list for PBXProject "EngineeringChallenge" */;
			compatibilityVersion = "Xcode 9.3";
			developmentRegion = en;
			hasScannedForEncodings = 0;
			knownRegions = (
				en,
				Base,
			);
			mainGroup = 0429B50A266921C10062CC82;
			productRefGroup = 0429B514266921C20062CC82 /* Products */;
			projectDirPath = "";
			projectRoot = "";
			targets = (
				0429B512266921C20062CC82 /* EngineeringChallenge */,
				0429B528266921C30062CC82 /* EngineeringChallengeTests */,
				0429B533266921C40062CC82 /* EngineeringChallengeUITests */,
			);
		};
/* End PBXProject section */

/* Begin PBXResourcesBuildPhase section */
		0429B511266921C20062CC82 /* Resources */ = {
			isa = PBXResourcesBuildPhase;
			buildActionMask = 2147483647;
			files = (
				0429B523266921C30062CC82 /* LaunchScreen.storyboard in Resources */,
				0429B583266925A30062CC82 /* Main.storyboard in Resources */,
				0429B582266925A30062CC82 /* LaunchScreen.storyboard in Resources */,
				0429B520266921C30062CC82 /* Assets.xcassets in Resources */,
			);
			runOnlyForDeploymentPostprocessing = 0;
		};
		0429B527266921C30062CC82 /* Resources */ = {
			isa = PBXResourcesBuildPhase;
			buildActionMask = 2147483647;
			files = (
			);
			runOnlyForDeploymentPostprocessing = 0;
		};
		0429B532266921C40062CC82 /* Resources */ = {
			isa = PBXResourcesBuildPhase;
			buildActionMask = 2147483647;
			files = (
			);
			runOnlyForDeploymentPostprocessing = 0;
		};
/* End PBXResourcesBuildPhase section */

/* Begin PBXSourcesBuildPhase section */
		0429B50F266921C20062CC82 /* Sources */ = {
			isa = PBXSourcesBuildPhase;
			buildActionMask = 2147483647;
			files = (
				0429B586266925A30062CC82 /* CaseStudyDetailsViewModel.swift in Sources */,
				0429B585266925A30062CC82 /* CaseStudyDetailsViewController.swift in Sources */,
				0429B581266925A30062CC82 /* CaseStudyTableViewCell.swift in Sources */,
				0429B56D266923EB0062CC82 /* NetworkError.swift in Sources */,
				0429B517266921C20062CC82 /* AppDelegate.swift in Sources */,
				0429B587266925A30062CC82 /* CaseStudyViewModel.swift in Sources */,
				0429B563266923EB0062CC82 /* UIImageViewExtension.swift in Sources */,
				0429B564266923EB0062CC82 /* JsonDecodable.swift in Sources */,
				0429B54B266923290062CC82 /* CaseStudyResponse.swift in Sources */,
				0429B584266925A30062CC82 /* CaseStudyViewController.swift in Sources */,
				0429B56C266923EB0062CC82 /* Constants.swift in Sources */,
				0429B566266923EB0062CC82 /* NetworkClient.swift in Sources */,
				0429B580266925A30062CC82 /* CaseStudyDetailsTableViewCell.swift in Sources */,
				0429B569266923EB0062CC82 /* ImageCache.swift in Sources */,
				0429B56A266923EB0062CC82 /* Item.swift in Sources */,
				0429B567266923EB0062CC82 /* EndPoints.swift in Sources */,
				0429B56B266923EB0062CC82 /* ImageURLProtocol.swift in Sources */,
				0429B519266921C20062CC82 /* SceneDelegate.swift in Sources */,
				0429B568266923EB0062CC82 /* Service.swift in Sources */,
				0429B562266923EB0062CC82 /* ControllerExtension.swift in Sources */,
				0429B565266923EB0062CC82 /* Storyboarded.swift in Sources */,
			);
			runOnlyForDeploymentPostprocessing = 0;
		};
		0429B525266921C30062CC82 /* Sources */ = {
			isa = PBXSourcesBuildPhase;
			buildActionMask = 2147483647;
			files = (
				0429B52E266921C40062CC82 /* EngineeringChallengeTests.swift in Sources */,
			);
			runOnlyForDeploymentPostprocessing = 0;
		};
		0429B530266921C40062CC82 /* Sources */ = {
			isa = PBXSourcesBuildPhase;
			buildActionMask = 2147483647;
			files = (
				0429B539266921C40062CC82 /* EngineeringChallengeUITests.swift in Sources */,
			);
			runOnlyForDeploymentPostprocessing = 0;
		};
/* End PBXSourcesBuildPhase section */

/* Begin PBXTargetDependency section */
		0429B52B266921C30062CC82 /* PBXTargetDependency */ = {
			isa = PBXTargetDependency;
			target = 0429B512266921C20062CC82 /* EngineeringChallenge */;
			targetProxy = 0429B52A266921C30062CC82 /* PBXContainerItemProxy */;
		};
		0429B536266921C40062CC82 /* PBXTargetDependency */ = {
			isa = PBXTargetDependency;
			target = 0429B512266921C20062CC82 /* EngineeringChallenge */;
			targetProxy = 0429B535266921C40062CC82 /* PBXContainerItemProxy */;
		};
/* End PBXTargetDependency section */

/* Begin PBXVariantGroup section */
		0429B521266921C30062CC82 /* LaunchScreen.storyboard */ = {
			isa = PBXVariantGroup;
			children = (
				0429B522266921C30062CC82 /* Base */,
			);
			name = LaunchScreen.storyboard;
			sourceTree = "<group>";
		};
		0429B576266925A30062CC82 /* LaunchScreen.storyboard */ = {
			isa = PBXVariantGroup;
			children = (
				0429B577266925A30062CC82 /* Base */,
			);
			name = LaunchScreen.storyboard;
			sourceTree = "<group>";
		};
		0429B578266925A30062CC82 /* Main.storyboard */ = {
			isa = PBXVariantGroup;
			children = (
				0429B579266925A30062CC82 /* Base */,
			);
			name = Main.storyboard;
			sourceTree = "<group>";
		};
/* End PBXVariantGroup section */

/* Begin XCBuildConfiguration section */
		0429B53B266921C40062CC82 /* Debug */ = {
			isa = XCBuildConfiguration;
			buildSettings = {
				ALWAYS_SEARCH_USER_PATHS = NO;
				CLANG_ANALYZER_NONNULL = YES;
				CLANG_ANALYZER_NUMBER_OBJECT_CONVERSION = YES_AGGRESSIVE;
				CLANG_CXX_LANGUAGE_STANDARD = "gnu++14";
				CLANG_CXX_LIBRARY = "libc++";
				CLANG_ENABLE_MODULES = YES;
				CLANG_ENABLE_OBJC_ARC = YES;
				CLANG_ENABLE_OBJC_WEAK = YES;
				CLANG_WARN_BLOCK_CAPTURE_AUTORELEASING = YES;
				CLANG_WARN_BOOL_CONVERSION = YES;
				CLANG_WARN_COMMA = YES;
				CLANG_WARN_CONSTANT_CONVERSION = YES;
				CLANG_WARN_DEPRECATED_OBJC_IMPLEMENTATIONS = YES;
				CLANG_WARN_DIRECT_OBJC_ISA_USAGE = YES_ERROR;
				CLANG_WARN_DOCUMENTATION_COMMENTS = YES;
				CLANG_WARN_EMPTY_BODY = YES;
				CLANG_WARN_ENUM_CONVERSION = YES;
				CLANG_WARN_INFINITE_RECURSION = YES;
				CLANG_WARN_INT_CONVERSION = YES;
				CLANG_WARN_NON_LITERAL_NULL_CONVERSION = YES;
				CLANG_WARN_OBJC_IMPLICIT_RETAIN_SELF = YES;
				CLANG_WARN_OBJC_LITERAL_CONVERSION = YES;
				CLANG_WARN_OBJC_ROOT_CLASS = YES_ERROR;
				CLANG_WARN_QUOTED_INCLUDE_IN_FRAMEWORK_HEADER = YES;
				CLANG_WARN_RANGE_LOOP_ANALYSIS = YES;
				CLANG_WARN_STRICT_PROTOTYPES = YES;
				CLANG_WARN_SUSPICIOUS_MOVE = YES;
				CLANG_WARN_UNGUARDED_AVAILABILITY = YES_AGGRESSIVE;
				CLANG_WARN_UNREACHABLE_CODE = YES;
				CLANG_WARN__DUPLICATE_METHOD_MATCH = YES;
				COPY_PHASE_STRIP = NO;
				DEBUG_INFORMATION_FORMAT = dwarf;
				ENABLE_STRICT_OBJC_MSGSEND = YES;
				ENABLE_TESTABILITY = YES;
				GCC_C_LANGUAGE_STANDARD = gnu11;
				GCC_DYNAMIC_NO_PIC = NO;
				GCC_NO_COMMON_BLOCKS = YES;
				GCC_OPTIMIZATION_LEVEL = 0;
				GCC_PREPROCESSOR_DEFINITIONS = (
					"DEBUG=1",
					"$(inherited)",
				);
				GCC_WARN_64_TO_32_BIT_CONVERSION = YES;
				GCC_WARN_ABOUT_RETURN_TYPE = YES_ERROR;
				GCC_WARN_UNDECLARED_SELECTOR = YES;
				GCC_WARN_UNINITIALIZED_AUTOS = YES_AGGRESSIVE;
				GCC_WARN_UNUSED_FUNCTION = YES;
				GCC_WARN_UNUSED_VARIABLE = YES;
				IPHONEOS_DEPLOYMENT_TARGET = 14.2;
				MTL_ENABLE_DEBUG_INFO = INCLUDE_SOURCE;
				MTL_FAST_MATH = YES;
				ONLY_ACTIVE_ARCH = YES;
				SDKROOT = iphoneos;
				SWIFT_ACTIVE_COMPILATION_CONDITIONS = DEBUG;
				SWIFT_OPTIMIZATION_LEVEL = "-Onone";
			};
			name = Debug;
		};
		0429B53C266921C40062CC82 /* Release */ = {
			isa = XCBuildConfiguration;
			buildSettings = {
				ALWAYS_SEARCH_USER_PATHS = NO;
				CLANG_ANALYZER_NONNULL = YES;
				CLANG_ANALYZER_NUMBER_OBJECT_CONVERSION = YES_AGGRESSIVE;
				CLANG_CXX_LANGUAGE_STANDARD = "gnu++14";
				CLANG_CXX_LIBRARY = "libc++";
				CLANG_ENABLE_MODULES = YES;
				CLANG_ENABLE_OBJC_ARC = YES;
				CLANG_ENABLE_OBJC_WEAK = YES;
				CLANG_WARN_BLOCK_CAPTURE_AUTORELEASING = YES;
				CLANG_WARN_BOOL_CONVERSION = YES;
				CLANG_WARN_COMMA = YES;
				CLANG_WARN_CONSTANT_CONVERSION = YES;
				CLANG_WARN_DEPRECATED_OBJC_IMPLEMENTATIONS = YES;
				CLANG_WARN_DIRECT_OBJC_ISA_USAGE = YES_ERROR;
				CLANG_WARN_DOCUMENTATION_COMMENTS = YES;
				CLANG_WARN_EMPTY_BODY = YES;
				CLANG_WARN_ENUM_CONVERSION = YES;
				CLANG_WARN_INFINITE_RECURSION = YES;
				CLANG_WARN_INT_CONVERSION = YES;
				CLANG_WARN_NON_LITERAL_NULL_CONVERSION = YES;
				CLANG_WARN_OBJC_IMPLICIT_RETAIN_SELF = YES;
				CLANG_WARN_OBJC_LITERAL_CONVERSION = YES;
				CLANG_WARN_OBJC_ROOT_CLASS = YES_ERROR;
				CLANG_WARN_QUOTED_INCLUDE_IN_FRAMEWORK_HEADER = YES;
				CLANG_WARN_RANGE_LOOP_ANALYSIS = YES;
				CLANG_WARN_STRICT_PROTOTYPES = YES;
				CLANG_WARN_SUSPICIOUS_MOVE = YES;
				CLANG_WARN_UNGUARDED_AVAILABILITY = YES_AGGRESSIVE;
				CLANG_WARN_UNREACHABLE_CODE = YES;
				CLANG_WARN__DUPLICATE_METHOD_MATCH = YES;
				COPY_PHASE_STRIP = NO;
				DEBUG_INFORMATION_FORMAT = "dwarf-with-dsym";
				ENABLE_NS_ASSERTIONS = NO;
				ENABLE_STRICT_OBJC_MSGSEND = YES;
				GCC_C_LANGUAGE_STANDARD = gnu11;
				GCC_NO_COMMON_BLOCKS = YES;
				GCC_WARN_64_TO_32_BIT_CONVERSION = YES;
				GCC_WARN_ABOUT_RETURN_TYPE = YES_ERROR;
				GCC_WARN_UNDECLARED_SELECTOR = YES;
				GCC_WARN_UNINITIALIZED_AUTOS = YES_AGGRESSIVE;
				GCC_WARN_UNUSED_FUNCTION = YES;
				GCC_WARN_UNUSED_VARIABLE = YES;
				IPHONEOS_DEPLOYMENT_TARGET = 14.2;
				MTL_ENABLE_DEBUG_INFO = NO;
				MTL_FAST_MATH = YES;
				SDKROOT = iphoneos;
				SWIFT_COMPILATION_MODE = wholemodule;
				SWIFT_OPTIMIZATION_LEVEL = "-O";
				VALIDATE_PRODUCT = YES;
			};
			name = Release;
		};
		0429B53E266921C40062CC82 /* Debug */ = {
			isa = XCBuildConfiguration;
			buildSettings = {
				ASSETCATALOG_COMPILER_APPICON_NAME = AppIcon;
				ASSETCATALOG_COMPILER_GLOBAL_ACCENT_COLOR_NAME = AccentColor;
				CODE_SIGN_STYLE = Automatic;
				INFOPLIST_FILE = EngineeringChallenge/Info.plist;
				LD_RUNPATH_SEARCH_PATHS = (
					"$(inherited)",
					"@executable_path/Frameworks",
				);
				PRODUCT_BUNDLE_IDENTIFIER = com.dev.EngineeringChallenge;
				PRODUCT_NAME = "$(TARGET_NAME)";
				SWIFT_VERSION = 5.0;
				TARGETED_DEVICE_FAMILY = "1,2";
			};
			name = Debug;
		};
		0429B53F266921C40062CC82 /* Release */ = {
			isa = XCBuildConfiguration;
			buildSettings = {
				ASSETCATALOG_COMPILER_APPICON_NAME = AppIcon;
				ASSETCATALOG_COMPILER_GLOBAL_ACCENT_COLOR_NAME = AccentColor;
				CODE_SIGN_STYLE = Automatic;
				INFOPLIST_FILE = EngineeringChallenge/Info.plist;
				LD_RUNPATH_SEARCH_PATHS = (
					"$(inherited)",
					"@executable_path/Frameworks",
				);
				PRODUCT_BUNDLE_IDENTIFIER = com.dev.EngineeringChallenge;
				PRODUCT_NAME = "$(TARGET_NAME)";
				SWIFT_VERSION = 5.0;
				TARGETED_DEVICE_FAMILY = "1,2";
			};
			name = Release;
		};
		0429B541266921C40062CC82 /* Debug */ = {
			isa = XCBuildConfiguration;
			buildSettings = {
				ALWAYS_EMBED_SWIFT_STANDARD_LIBRARIES = YES;
				BUNDLE_LOADER = "$(TEST_HOST)";
				CODE_SIGN_STYLE = Automatic;
				INFOPLIST_FILE = EngineeringChallengeTests/Info.plist;
				IPHONEOS_DEPLOYMENT_TARGET = 14.2;
				LD_RUNPATH_SEARCH_PATHS = (
					"$(inherited)",
					"@executable_path/Frameworks",
					"@loader_path/Frameworks",
				);
				PRODUCT_BUNDLE_IDENTIFIER = com.dev.EngineeringChallengeTests;
				PRODUCT_NAME = "$(TARGET_NAME)";
				SWIFT_VERSION = 5.0;
				TARGETED_DEVICE_FAMILY = "1,2";
				TEST_HOST = "$(BUILT_PRODUCTS_DIR)/EngineeringChallenge.app/EngineeringChallenge";
			};
			name = Debug;
		};
		0429B542266921C40062CC82 /* Release */ = {
			isa = XCBuildConfiguration;
			buildSettings = {
				ALWAYS_EMBED_SWIFT_STANDARD_LIBRARIES = YES;
				BUNDLE_LOADER = "$(TEST_HOST)";
				CODE_SIGN_STYLE = Automatic;
				INFOPLIST_FILE = EngineeringChallengeTests/Info.plist;
				IPHONEOS_DEPLOYMENT_TARGET = 14.2;
				LD_RUNPATH_SEARCH_PATHS = (
					"$(inherited)",
					"@executable_path/Frameworks",
					"@loader_path/Frameworks",
				);
				PRODUCT_BUNDLE_IDENTIFIER = com.dev.EngineeringChallengeTests;
				PRODUCT_NAME = "$(TARGET_NAME)";
				SWIFT_VERSION = 5.0;
				TARGETED_DEVICE_FAMILY = "1,2";
				TEST_HOST = "$(BUILT_PRODUCTS_DIR)/EngineeringChallenge.app/EngineeringChallenge";
			};
			name = Release;
		};
		0429B544266921C40062CC82 /* Debug */ = {
			isa = XCBuildConfiguration;
			buildSettings = {
				ALWAYS_EMBED_SWIFT_STANDARD_LIBRARIES = YES;
				CODE_SIGN_STYLE = Automatic;
				INFOPLIST_FILE = EngineeringChallengeUITests/Info.plist;
				LD_RUNPATH_SEARCH_PATHS = (
					"$(inherited)",
					"@executable_path/Frameworks",
					"@loader_path/Frameworks",
				);
				PRODUCT_BUNDLE_IDENTIFIER = com.dev.EngineeringChallengeUITests;
				PRODUCT_NAME = "$(TARGET_NAME)";
				SWIFT_VERSION = 5.0;
				TARGETED_DEVICE_FAMILY = "1,2";
				TEST_TARGET_NAME = EngineeringChallenge;
			};
			name = Debug;
		};
		0429B545266921C40062CC82 /* Release */ = {
			isa = XCBuildConfiguration;
			buildSettings = {
				ALWAYS_EMBED_SWIFT_STANDARD_LIBRARIES = YES;
				CODE_SIGN_STYLE = Automatic;
				INFOPLIST_FILE = EngineeringChallengeUITests/Info.plist;
				LD_RUNPATH_SEARCH_PATHS = (
					"$(inherited)",
					"@executable_path/Frameworks",
					"@loader_path/Frameworks",
				);
				PRODUCT_BUNDLE_IDENTIFIER = com.dev.EngineeringChallengeUITests;
				PRODUCT_NAME = "$(TARGET_NAME)";
				SWIFT_VERSION = 5.0;
				TARGETED_DEVICE_FAMILY = "1,2";
				TEST_TARGET_NAME = EngineeringChallenge;
			};
			name = Release;
		};
/* End XCBuildConfiguration section */

/* Begin XCConfigurationList section */
		0429B50E266921C10062CC82 /* Build configuration list for PBXProject "EngineeringChallenge" */ = {
			isa = XCConfigurationList;
			buildConfigurations = (
				0429B53B266921C40062CC82 /* Debug */,
				0429B53C266921C40062CC82 /* Release */,
			);
			defaultConfigurationIsVisible = 0;
			defaultConfigurationName = Release;
		};
		0429B53D266921C40062CC82 /* Build configuration list for PBXNativeTarget "EngineeringChallenge" */ = {
			isa = XCConfigurationList;
			buildConfigurations = (
				0429B53E266921C40062CC82 /* Debug */,
				0429B53F266921C40062CC82 /* Release */,
			);
			defaultConfigurationIsVisible = 0;
			defaultConfigurationName = Release;
		};
		0429B540266921C40062CC82 /* Build configuration list for PBXNativeTarget "EngineeringChallengeTests" */ = {
			isa = XCConfigurationList;
			buildConfigurations = (
				0429B541266921C40062CC82 /* Debug */,
				0429B542266921C40062CC82 /* Release */,
			);
			defaultConfigurationIsVisible = 0;
			defaultConfigurationName = Release;
		};
		0429B543266921C40062CC82 /* Build configuration list for PBXNativeTarget "EngineeringChallengeUITests" */ = {
			isa = XCConfigurationList;
			buildConfigurations = (
				0429B544266921C40062CC82 /* Debug */,
				0429B545266921C40062CC82 /* Release */,
			);
			defaultConfigurationIsVisible = 0;
			defaultConfigurationName = Release;
		};
/* End XCConfigurationList section */
	};
	rootObject = 0429B50B266921C10062CC82 /* Project object */;
}
